// !$*UTF8*$!
{
	archiveVersion = 1;
	classes = {
	};
	objectVersion = 46;
	objects = {

/* Begin PBXBuildFile section */
		E544A3FF1CBD624E00A1C380 /* ProductParser.swift in Sources */ = {isa = PBXBuildFile; fileRef = E544A3FE1CBD624E00A1C380 /* ProductParser.swift */; };
		E544A4011CBD69D200A1C380 /* ProductViewController.swift in Sources */ = {isa = PBXBuildFile; fileRef = E544A4001CBD69D200A1C380 /* ProductViewController.swift */; };
		E544A4061CBD6C1C00A1C380 /* ReviewsViewController.swift in Sources */ = {isa = PBXBuildFile; fileRef = E544A4051CBD6C1C00A1C380 /* ReviewsViewController.swift */; };
		E544A40E1CBDDC9A00A1C380 /* NoImage.png in Resources */ = {isa = PBXBuildFile; fileRef = E544A40D1CBDDC9A00A1C380 /* NoImage.png */; };
		E544A4101CBF39A900A1C380 /* TestData.swift in Sources */ = {isa = PBXBuildFile; fileRef = E544A40F1CBF39A900A1C380 /* TestData.swift */; };
		E561635E1CC9E53D0019E147 /* Main.storyboard in Resources */ = {isa = PBXBuildFile; fileRef = E561635C1CC9E53D0019E147 /* Main.storyboard */; };
		E563AC3C1C8222D900246237 /* AppDelegate.swift in Sources */ = {isa = PBXBuildFile; fileRef = E563AC3B1C8222D900246237 /* AppDelegate.swift */; };
		E563AC3E1C8222D900246237 /* ViewController.swift in Sources */ = {isa = PBXBuildFile; fileRef = E563AC3D1C8222D900246237 /* ViewController.swift */; };
		E563AC431C8222D900246237 /* Assets.xcassets in Resources */ = {isa = PBXBuildFile; fileRef = E563AC421C8222D900246237 /* Assets.xcassets */; };
		E563AC461C8222D900246237 /* LaunchScreen.storyboard in Resources */ = {isa = PBXBuildFile; fileRef = E563AC441C8222D900246237 /* LaunchScreen.storyboard */; };
		E563AC4F1C8232B200246237 /* Emotion.swift in Sources */ = {isa = PBXBuildFile; fileRef = E563AC4E1C8232B200246237 /* Emotion.swift */; };
		E563AC521C823A1900246237 /* HootAPI.swift in Sources */ = {isa = PBXBuildFile; fileRef = E563AC511C823A1900246237 /* HootAPI.swift */; };
		E5654C9E1CC41F1F004E545E /* APIConfigs.swift in Sources */ = {isa = PBXBuildFile; fileRef = E5654C9D1CC41F1F004E545E /* APIConfigs.swift */; };
		E5654CA01CC46115004E545E /* HOOT.png in Resources */ = {isa = PBXBuildFile; fileRef = E5654C9F1CC46115004E545E /* HOOT.png */; };
		E5654CA21CC4694B004E545E /* ReviewTableCell.swift in Sources */ = {isa = PBXBuildFile; fileRef = E5654CA11CC4694B004E545E /* ReviewTableCell.swift */; };
		E5654CA41CC84F0E004E545E /* example_json.json in Resources */ = {isa = PBXBuildFile; fileRef = E5654CA31CC84F0E004E545E /* example_json.json */; };
		E57C9A281CC98C5900CDD18F /* review_stars in Resources */ = {isa = PBXBuildFile; fileRef = E57C9A271CC98C5900CDD18F /* review_stars */; };
		E57C9A2A1CC997A100CDD18F /* ReviewViewController.swift in Sources */ = {isa = PBXBuildFile; fileRef = E57C9A291CC997A100CDD18F /* ReviewViewController.swift */; };
		E5BCD6C41CB1E47500FA0060 /* SearchResultTableCell.swift in Sources */ = {isa = PBXBuildFile; fileRef = E5BCD6C31CB1E47500FA0060 /* SearchResultTableCell.swift */; };
		E5BCD6C61CB1E6CE00FA0060 /* Product.swift in Sources */ = {isa = PBXBuildFile; fileRef = E5BCD6C51CB1E6CE00FA0060 /* Product.swift */; };
		E5BCD6CB1CB1EFD800FA0060 /* Comment.swift in Sources */ = {isa = PBXBuildFile; fileRef = E5BCD6CA1CB1EFD800FA0060 /* Comment.swift */; };
/* End PBXBuildFile section */

/* Begin PBXFileReference section */
		E544A3FE1CBD624E00A1C380 /* ProductParser.swift */ = {isa = PBXFileReference; fileEncoding = 4; lastKnownFileType = sourcecode.swift; path = ProductParser.swift; sourceTree = "<group>"; };
		E544A4001CBD69D200A1C380 /* ProductViewController.swift */ = {isa = PBXFileReference; fileEncoding = 4; lastKnownFileType = sourcecode.swift; path = ProductViewController.swift; sourceTree = "<group>"; };
		E544A4051CBD6C1C00A1C380 /* ReviewsViewController.swift */ = {isa = PBXFileReference; fileEncoding = 4; lastKnownFileType = sourcecode.swift; path = ReviewsViewController.swift; sourceTree = "<group>"; };
		E544A40D1CBDDC9A00A1C380 /* NoImage.png */ = {isa = PBXFileReference; lastKnownFileType = image.png; path = NoImage.png; sourceTree = "<group>"; };
		E544A40F1CBF39A900A1C380 /* TestData.swift */ = {isa = PBXFileReference; fileEncoding = 4; lastKnownFileType = sourcecode.swift; path = TestData.swift; sourceTree = "<group>"; };
		E561635D1CC9E53D0019E147 /* Base */ = {isa = PBXFileReference; lastKnownFileType = file.storyboard; name = Base; path = Base.lproj/Main.storyboard; sourceTree = "<group>"; };
		E563AC381C8222D900246237 /* Hoot.app */ = {isa = PBXFileReference; explicitFileType = wrapper.application; includeInIndex = 0; path = Hoot.app; sourceTree = BUILT_PRODUCTS_DIR; };
		E563AC3B1C8222D900246237 /* AppDelegate.swift */ = {isa = PBXFileReference; lastKnownFileType = sourcecode.swift; path = AppDelegate.swift; sourceTree = "<group>"; };
		E563AC3D1C8222D900246237 /* ViewController.swift */ = {isa = PBXFileReference; lastKnownFileType = sourcecode.swift; path = ViewController.swift; sourceTree = "<group>"; };
		E563AC421C8222D900246237 /* Assets.xcassets */ = {isa = PBXFileReference; lastKnownFileType = folder.assetcatalog; path = Assets.xcassets; sourceTree = "<group>"; };
		E563AC451C8222D900246237 /* Base */ = {isa = PBXFileReference; lastKnownFileType = file.storyboard; name = Base; path = Base.lproj/LaunchScreen.storyboard; sourceTree = "<group>"; };
		E563AC471C8222D900246237 /* Info.plist */ = {isa = PBXFileReference; lastKnownFileType = text.plist.xml; path = Info.plist; sourceTree = "<group>"; };
		E563AC4E1C8232B200246237 /* Emotion.swift */ = {isa = PBXFileReference; fileEncoding = 4; lastKnownFileType = sourcecode.swift; path = Emotion.swift; sourceTree = "<group>"; };
		E563AC511C823A1900246237 /* HootAPI.swift */ = {isa = PBXFileReference; fileEncoding = 4; lastKnownFileType = sourcecode.swift; path = HootAPI.swift; sourceTree = "<group>"; };
		E5654C9D1CC41F1F004E545E /* APIConfigs.swift */ = {isa = PBXFileReference; fileEncoding = 4; lastKnownFileType = sourcecode.swift; path = APIConfigs.swift; sourceTree = "<group>"; };
		E5654C9F1CC46115004E545E /* HOOT.png */ = {isa = PBXFileReference; lastKnownFileType = image.png; path = HOOT.png; sourceTree = "<group>"; };
		E5654CA11CC4694B004E545E /* ReviewTableCell.swift */ = {isa = PBXFileReference; fileEncoding = 4; lastKnownFileType = sourcecode.swift; path = ReviewTableCell.swift; sourceTree = "<group>"; };
		E5654CA31CC84F0E004E545E /* example_json.json */ = {isa = PBXFileReference; fileEncoding = 4; lastKnownFileType = text.json; path = example_json.json; sourceTree = "<group>"; };
		E57C9A271CC98C5900CDD18F /* review_stars */ = {isa = PBXFileReference; lastKnownFileType = folder; path = review_stars; sourceTree = "<group>"; };
		E57C9A291CC997A100CDD18F /* ReviewViewController.swift */ = {isa = PBXFileReference; fileEncoding = 4; lastKnownFileType = sourcecode.swift; path = ReviewViewController.swift; sourceTree = "<group>"; };
		E5BCD6C31CB1E47500FA0060 /* SearchResultTableCell.swift */ = {isa = PBXFileReference; fileEncoding = 4; lastKnownFileType = sourcecode.swift; path = SearchResultTableCell.swift; sourceTree = "<group>"; };
		E5BCD6C51CB1E6CE00FA0060 /* Product.swift */ = {isa = PBXFileReference; fileEncoding = 4; lastKnownFileType = sourcecode.swift; path = Product.swift; sourceTree = "<group>"; };
		E5BCD6CA1CB1EFD800FA0060 /* Comment.swift */ = {isa = PBXFileReference; fileEncoding = 4; lastKnownFileType = sourcecode.swift; path = Comment.swift; sourceTree = "<group>"; };
/* End PBXFileReference section */

/* Begin PBXFrameworksBuildPhase section */
		E563AC351C8222D900246237 /* Frameworks */ = {
			isa = PBXFrameworksBuildPhase;
			buildActionMask = 2147483647;
			files = (
			);
			runOnlyForDeploymentPostprocessing = 0;
		};
/* End PBXFrameworksBuildPhase section */

/* Begin PBXGroup section */
		E544A3FB1CBCBDFE00A1C380 /* JSONParsers */ = {
			isa = PBXGroup;
			children = (
				E544A3FE1CBD624E00A1C380 /* ProductParser.swift */,
			);
			name = JSONParsers;
			sourceTree = "<group>";
		};
		E544A3FC1CBD59E900A1C380 /* ViewControllers */ = {
			isa = PBXGroup;
			children = (
				E563AC3D1C8222D900246237 /* ViewController.swift */,
				E5BCD6C31CB1E47500FA0060 /* SearchResultTableCell.swift */,
				E544A4001CBD69D200A1C380 /* ProductViewController.swift */,
				E544A4051CBD6C1C00A1C380 /* ReviewsViewController.swift */,
				E5654CA11CC4694B004E545E /* ReviewTableCell.swift */,
				E57C9A291CC997A100CDD18F /* ReviewViewController.swift */,
			);
			name = ViewControllers;
			sourceTree = "<group>";
		};
		E544A3FD1CBD5A0800A1C380 /* Storyboards */ = {
			isa = PBXGroup;
			children = (
				E561635C1CC9E53D0019E147 /* Main.storyboard */,
				E563AC441C8222D900246237 /* LaunchScreen.storyboard */,
			);
			name = Storyboards;
			sourceTree = "<group>";
		};
		E544A4111CBF39AF00A1C380 /* Testing */ = {
			isa = PBXGroup;
			children = (
				E5654CA31CC84F0E004E545E /* example_json.json */,
				E544A40F1CBF39A900A1C380 /* TestData.swift */,
			);
			name = Testing;
			sourceTree = "<group>";
		};
		E563AC2F1C8222D900246237 = {
			isa = PBXGroup;
			children = (
				E563AC3A1C8222D900246237 /* Hoot */,
				E563AC391C8222D900246237 /* Products */,
			);
			sourceTree = "<group>";
		};
		E563AC391C8222D900246237 /* Products */ = {
			isa = PBXGroup;
			children = (
				E563AC381C8222D900246237 /* Hoot.app */,
			);
			name = Products;
			sourceTree = "<group>";
		};
		E563AC3A1C8222D900246237 /* Hoot */ = {
			isa = PBXGroup;
			children = (
				E57C9A271CC98C5900CDD18F /* review_stars */,
				E5654C9C1CC41EC7004E545E /* Configs */,
				E544A4111CBF39AF00A1C380 /* Testing */,
				E544A3FD1CBD5A0800A1C380 /* Storyboards */,
				E544A3FC1CBD59E900A1C380 /* ViewControllers */,
				E544A3FB1CBCBDFE00A1C380 /* JSONParsers */,
				E5BCD6C71CB1EBB700FA0060 /* Images */,
				E563AC501C8239EF00246237 /* API */,
				E563AC4D1C8232A000246237 /* Models */,
				E563AC3B1C8222D900246237 /* AppDelegate.swift */,
				E563AC421C8222D900246237 /* Assets.xcassets */,
				E563AC471C8222D900246237 /* Info.plist */,
			);
			path = Hoot;
			sourceTree = "<group>";
		};
		E563AC4D1C8232A000246237 /* Models */ = {
			isa = PBXGroup;
			children = (
				E563AC4E1C8232B200246237 /* Emotion.swift */,
				E5BCD6C51CB1E6CE00FA0060 /* Product.swift */,
				E5BCD6CA1CB1EFD800FA0060 /* Comment.swift */,
			);
			name = Models;
			sourceTree = "<group>";
		};
		E563AC501C8239EF00246237 /* API */ = {
			isa = PBXGroup;
			children = (
				E563AC511C823A1900246237 /* HootAPI.swift */,
			);
			name = API;
			sourceTree = "<group>";
		};
		E5654C9C1CC41EC7004E545E /* Configs */ = {
			isa = PBXGroup;
			children = (
				E5654C9D1CC41F1F004E545E /* APIConfigs.swift */,
			);
			name = Configs;
			sourceTree = "<group>";
		};
		E5BCD6C71CB1EBB700FA0060 /* Images */ = {
			isa = PBXGroup;
			children = (
				E5654C9F1CC46115004E545E /* HOOT.png */,
				E544A40D1CBDDC9A00A1C380 /* NoImage.png */,
			);
			name = Images;
			sourceTree = "<group>";
		};
/* End PBXGroup section */

/* Begin PBXNativeTarget section */
		E563AC371C8222D900246237 /* Hoot */ = {
			isa = PBXNativeTarget;
			buildConfigurationList = E563AC4A1C8222D900246237 /* Build configuration list for PBXNativeTarget "Hoot" */;
			buildPhases = (
				E563AC341C8222D900246237 /* Sources */,
				E563AC351C8222D900246237 /* Frameworks */,
				E563AC361C8222D900246237 /* Resources */,
			);
			buildRules = (
			);
			dependencies = (
			);
			name = Hoot;
			productName = Hoot;
			productReference = E563AC381C8222D900246237 /* Hoot.app */;
			productType = "com.apple.product-type.application";
		};
/* End PBXNativeTarget section */

/* Begin PBXProject section */
		E563AC301C8222D900246237 /* Project object */ = {
			isa = PBXProject;
			attributes = {
				LastSwiftUpdateCheck = 0720;
				LastUpgradeCheck = 0720;
				ORGANIZATIONNAME = "Eric Luan";
				TargetAttributes = {
					E563AC371C8222D900246237 = {
						CreatedOnToolsVersion = 7.2;
					};
				};
			};
			buildConfigurationList = E563AC331C8222D900246237 /* Build configuration list for PBXProject "Hoot" */;
			compatibilityVersion = "Xcode 3.2";
			developmentRegion = English;
			hasScannedForEncodings = 0;
			knownRegions = (
				en,
				Base,
			);
			mainGroup = E563AC2F1C8222D900246237;
			productRefGroup = E563AC391C8222D900246237 /* Products */;
			projectDirPath = "";
			projectRoot = "";
			targets = (
				E563AC371C8222D900246237 /* Hoot */,
			);
		};
/* End PBXProject section */

/* Begin PBXResourcesBuildPhase section */
		E563AC361C8222D900246237 /* Resources */ = {
			isa = PBXResourcesBuildPhase;
			buildActionMask = 2147483647;
			files = (
				E561635E1CC9E53D0019E147 /* Main.storyboard in Resources */,
				E563AC461C8222D900246237 /* LaunchScreen.storyboard in Resources */,
				E544A40E1CBDDC9A00A1C380 /* NoImage.png in Resources */,
				E5654CA41CC84F0E004E545E /* example_json.json in Resources */,
				E5654CA01CC46115004E545E /* HOOT.png in Resources */,
				E563AC431C8222D900246237 /* Assets.xcassets in Resources */,
				E57C9A281CC98C5900CDD18F /* review_stars in Resources */,
			);
			runOnlyForDeploymentPostprocessing = 0;
		};
/* End PBXResourcesBuildPhase section */

/* Begin PBXSourcesBuildPhase section */
		E563AC341C8222D900246237 /* Sources */ = {
			isa = PBXSourcesBuildPhase;
			buildActionMask = 2147483647;
			files = (
				E563AC521C823A1900246237 /* HootAPI.swift in Sources */,
				E544A4101CBF39A900A1C380 /* TestData.swift in Sources */,
				E57C9A2A1CC997A100CDD18F /* ReviewViewController.swift in Sources */,
				E5654CA21CC4694B004E545E /* ReviewTableCell.swift in Sources */,
				E5BCD6C41CB1E47500FA0060 /* SearchResultTableCell.swift in Sources */,
				E563AC3E1C8222D900246237 /* ViewController.swift in Sources */,
				E5BCD6CB1CB1EFD800FA0060 /* Comment.swift in Sources */,
				E544A3FF1CBD624E00A1C380 /* ProductParser.swift in Sources */,
				E563AC3C1C8222D900246237 /* AppDelegate.swift in Sources */,
				E544A4061CBD6C1C00A1C380 /* ReviewsViewController.swift in Sources */,
				E544A4011CBD69D200A1C380 /* ProductViewController.swift in Sources */,
				E563AC4F1C8232B200246237 /* Emotion.swift in Sources */,
				E5654C9E1CC41F1F004E545E /* APIConfigs.swift in Sources */,
				E5BCD6C61CB1E6CE00FA0060 /* Product.swift in Sources */,
			);
			runOnlyForDeploymentPostprocessing = 0;
		};
/* End PBXSourcesBuildPhase section */

/* Begin PBXVariantGroup section */
		E561635C1CC9E53D0019E147 /* Main.storyboard */ = {
			isa = PBXVariantGroup;
			children = (
				E561635D1CC9E53D0019E147 /* Base */,
			);
			name = Main.storyboard;
			sourceTree = "<group>";
		};
		E563AC441C8222D900246237 /* LaunchScreen.storyboard */ = {
			isa = PBXVariantGroup;
			children = (
				E563AC451C8222D900246237 /* Base */,
			);
			name = LaunchScreen.storyboard;
			sourceTree = "<group>";
		};
/* End PBXVariantGroup section */

/* Begin XCBuildConfiguration section */
		E563AC481C8222D900246237 /* Debug */ = {
			isa = XCBuildConfiguration;
			buildSettings = {
				ALWAYS_SEARCH_USER_PATHS = NO;
				CLANG_CXX_LANGUAGE_STANDARD = "gnu++0x";
				CLANG_CXX_LIBRARY = "libc++";
				CLANG_ENABLE_MODULES = YES;
				CLANG_ENABLE_OBJC_ARC = YES;
				CLANG_WARN_BOOL_CONVERSION = YES;
				CLANG_WARN_CONSTANT_CONVERSION = YES;
				CLANG_WARN_DIRECT_OBJC_ISA_USAGE = YES_ERROR;
				CLANG_WARN_EMPTY_BODY = YES;
				CLANG_WARN_ENUM_CONVERSION = YES;
				CLANG_WARN_INT_CONVERSION = YES;
				CLANG_WARN_OBJC_ROOT_CLASS = YES_ERROR;
				CLANG_WARN_UNREACHABLE_CODE = YES;
				CLANG_WARN__DUPLICATE_METHOD_MATCH = YES;
				"CODE_SIGN_IDENTITY[sdk=iphoneos*]" = "iPhone Developer";
				COPY_PHASE_STRIP = NO;
				DEBUG_INFORMATION_FORMAT = dwarf;
				ENABLE_STRICT_OBJC_MSGSEND = YES;
				ENABLE_TESTABILITY = YES;
				GCC_C_LANGUAGE_STANDARD = gnu99;
				GCC_DYNAMIC_NO_PIC = NO;
				GCC_NO_COMMON_BLOCKS = YES;
				GCC_OPTIMIZATION_LEVEL = 0;
				GCC_PREPROCESSOR_DEFINITIONS = (
					"DEBUG=1",
					"$(inherited)",
				);
				GCC_WARN_64_TO_32_BIT_CONVERSION = YES;
				GCC_WARN_ABOUT_RETURN_TYPE = YES_ERROR;
				GCC_WARN_UNDECLARED_SELECTOR = YES;
				GCC_WARN_UNINITIALIZED_AUTOS = YES_AGGRESSIVE;
				GCC_WARN_UNUSED_FUNCTION = YES;
				GCC_WARN_UNUSED_VARIABLE = YES;
				IPHONEOS_DEPLOYMENT_TARGET = 9.2;
				MTL_ENABLE_DEBUG_INFO = YES;
				ONLY_ACTIVE_ARCH = YES;
				SDKROOT = iphoneos;
				SWIFT_OPTIMIZATION_LEVEL = "-Onone";
				TARGETED_DEVICE_FAMILY = "1,2";
			};
			name = Debug;
		};
		E563AC491C8222D900246237 /* Release */ = {
			isa = XCBuildConfiguration;
			buildSettings = {
				ALWAYS_SEARCH_USER_PATHS = NO;
				CLANG_CXX_LANGUAGE_STANDARD = "gnu++0x";
				CLANG_CXX_LIBRARY = "libc++";
				CLANG_ENABLE_MODULES = YES;
				CLANG_ENABLE_OBJC_ARC = YES;
				CLANG_WARN_BOOL_CONVERSION = YES;
				CLANG_WARN_CONSTANT_CONVERSION = YES;
				CLANG_WARN_DIRECT_OBJC_ISA_USAGE = YES_ERROR;
				CLANG_WARN_EMPTY_BODY = YES;
				CLANG_WARN_ENUM_CONVERSION = YES;
				CLANG_WARN_INT_CONVERSION = YES;
				CLANG_WARN_OBJC_ROOT_CLASS = YES_ERROR;
				CLANG_WARN_UNREACHABLE_CODE = YES;
				CLANG_WARN__DUPLICATE_METHOD_MATCH = YES;
				"CODE_SIGN_IDENTITY[sdk=iphoneos*]" = "iPhone Developer";
				COPY_PHASE_STRIP = NO;
				DEBUG_INFORMATION_FORMAT = "dwarf-with-dsym";
				ENABLE_NS_ASSERTIONS = NO;
				ENABLE_STRICT_OBJC_MSGSEND = YES;
				GCC_C_LANGUAGE_STANDARD = gnu99;
				GCC_NO_COMMON_BLOCKS = YES;
				GCC_WARN_64_TO_32_BIT_CONVERSION = YES;
				GCC_WARN_ABOUT_RETURN_TYPE = YES_ERROR;
				GCC_WARN_UNDECLARED_SELECTOR = YES;
				GCC_WARN_UNINITIALIZED_AUTOS = YES_AGGRESSIVE;
				GCC_WARN_UNUSED_FUNCTION = YES;
				GCC_WARN_UNUSED_VARIABLE = YES;
				IPHONEOS_DEPLOYMENT_TARGET = 9.2;
				MTL_ENABLE_DEBUG_INFO = NO;
				SDKROOT = iphoneos;
				TARGETED_DEVICE_FAMILY = "1,2";
				VALIDATE_PRODUCT = YES;
			};
			name = Release;
		};
		E563AC4B1C8222D900246237 /* Debug */ = {
			isa = XCBuildConfiguration;
			buildSettings = {
				ASSETCATALOG_COMPILER_APPICON_NAME = AppIcon;
				INFOPLIST_FILE = Hoot/Info.plist;
				LD_RUNPATH_SEARCH_PATHS = "$(inherited) @executable_path/Frameworks";
				PRODUCT_BUNDLE_IDENTIFIER = Eric.Hoot;
				PRODUCT_NAME = "$(TARGET_NAME)";
			};
			name = Debug;
		};
		E563AC4C1C8222D900246237 /* Release */ = {
			isa = XCBuildConfiguration;
			buildSettings = {
				ASSETCATALOG_COMPILER_APPICON_NAME = AppIcon;
				INFOPLIST_FILE = Hoot/Info.plist;
				LD_RUNPATH_SEARCH_PATHS = "$(inherited) @executable_path/Frameworks";
				PRODUCT_BUNDLE_IDENTIFIER = Eric.Hoot;
				PRODUCT_NAME = "$(TARGET_NAME)";
			};
			name = Release;
		};
/* End XCBuildConfiguration section */

/* Begin XCConfigurationList section */
		E563AC331C8222D900246237 /* Build configuration list for PBXProject "Hoot" */ = {
			isa = XCConfigurationList;
			buildConfigurations = (
				E563AC481C8222D900246237 /* Debug */,
				E563AC491C8222D900246237 /* Release */,
			);
			defaultConfigurationIsVisible = 0;
			defaultConfigurationName = Release;
		};
		E563AC4A1C8222D900246237 /* Build configuration list for PBXNativeTarget "Hoot" */ = {
			isa = XCConfigurationList;
			buildConfigurations = (
				E563AC4B1C8222D900246237 /* Debug */,
				E563AC4C1C8222D900246237 /* Release */,
			);
			defaultConfigurationIsVisible = 0;
			defaultConfigurationName = Release;
		};
/* End XCConfigurationList section */
	};
	rootObject = E563AC301C8222D900246237 /* Project object */;
}
